
Microsoft Visual Studio Solution File, Format Version 12.00
# Visual Studio Version 17
VisualStudioVersion = 17.3.32922.545
MinimumVisualStudioVersion = 10.0.40219.1
Project("{FAE04EC0-301F-11D3-BF4B-00C04F79EFBC}") = "Encasulation", "Encasulation.csproj", "{53434A15-C7C8-462E-872F-06BB0FDB37D1}"
EndProject
Global
	GlobalSection(SolutionConfigurationPlatforms) = preSolution
		Debug|Any CPU = Debug|Any CPU
		Release|Any CPU = Release|Any CPU
	EndGlobalSection
	GlobalSection(ProjectConfigurationPlatforms) = postSolution
		{53434A15-C7C8-462E-872F-06BB0FDB37D1}.Debug|Any CPU.ActiveCfg = Debug|Any CPU
		{53434A15-C7C8-462E-872F-06BB0FDB37D1}.Debug|Any CPU.Build.0 = Debug|Any CPU
		{53434A15-C7C8-462E-872F-06BB0FDB37D1}.Release|Any CPU.ActiveCfg = Release|Any CPU
		{53434A15-C7C8-462E-872F-06BB0FDB37D1}.Release|Any CPU.Build.0 = Release|Any CPU
	EndGlobalSection
	GlobalSection(SolutionProperties) = preSolution
		HideSolutionNode = FALSE
	EndGlobalSection
	GlobalSection(ExtensibilityGlobals) = postSolution
		SolutionGuid = {B71ECD37-9F0D-41A8-AE20-2EE27C10883F}
	EndGlobalSection
EndGlobal
